// !$*UTF8*$!
{
	archiveVersion = 1;
	classes = {
	};
	objectVersion = 55;
	objects = {

/* Begin PBXBuildFile section */
		FA0E1EB129A505F500E0AE1A /* TitleCollectionViewCell.swift in Sources */ = {isa = PBXBuildFile; fileRef = FA0E1EB029A505F500E0AE1A /* TitleCollectionViewCell.swift */; };
		FA0E1EB429A5088B00E0AE1A /* SDWebImage in Frameworks */ = {isa = PBXBuildFile; productRef = FA0E1EB329A5088B00E0AE1A /* SDWebImage */; };
		FA0E1EB629A5088B00E0AE1A /* SDWebImageMapKit in Frameworks */ = {isa = PBXBuildFile; productRef = FA0E1EB529A5088B00E0AE1A /* SDWebImageMapKit */; };
		FA0E1EB829A5134100E0AE1A /* TitleTableViewCell.swift in Sources */ = {isa = PBXBuildFile; fileRef = FA0E1EB729A5134100E0AE1A /* TitleTableViewCell.swift */; };
		FA0E1EBA29A516A200E0AE1A /* TitleViewModel.swift in Sources */ = {isa = PBXBuildFile; fileRef = FA0E1EB929A516A200E0AE1A /* TitleViewModel.swift */; };
		FA32F53B29A275A000640566 /* AppDelegate.swift in Sources */ = {isa = PBXBuildFile; fileRef = FA32F53A29A275A000640566 /* AppDelegate.swift */; };
		FA32F53D29A275A000640566 /* SceneDelegate.swift in Sources */ = {isa = PBXBuildFile; fileRef = FA32F53C29A275A000640566 /* SceneDelegate.swift */; };
		FA32F53F29A275A000640566 /* MainTabBarViewController.swift in Sources */ = {isa = PBXBuildFile; fileRef = FA32F53E29A275A000640566 /* MainTabBarViewController.swift */; };
		FA32F54429A275A300640566 /* Assets.xcassets in Resources */ = {isa = PBXBuildFile; fileRef = FA32F54329A275A300640566 /* Assets.xcassets */; };
		FA32F54729A275A300640566 /* LaunchScreen.storyboard in Resources */ = {isa = PBXBuildFile; fileRef = FA32F54529A275A300640566 /* LaunchScreen.storyboard */; };
		FA32F54F29A2773600640566 /* README.md in Resources */ = {isa = PBXBuildFile; fileRef = FA32F54E29A2773600640566 /* README.md */; };
		FA32F55229A27A4600640566 /* HomeViewController.swift in Sources */ = {isa = PBXBuildFile; fileRef = FA32F55129A27A4600640566 /* HomeViewController.swift */; };
		FA32F55429A27A7A00640566 /* UpcomingViewController.swift in Sources */ = {isa = PBXBuildFile; fileRef = FA32F55329A27A7A00640566 /* UpcomingViewController.swift */; };
		FA32F55629A27A9C00640566 /* SearchViewController.swift in Sources */ = {isa = PBXBuildFile; fileRef = FA32F55529A27A9C00640566 /* SearchViewController.swift */; };
		FA32F55829A27AC200640566 /* DownloadViewController.swift in Sources */ = {isa = PBXBuildFile; fileRef = FA32F55729A27AC200640566 /* DownloadViewController.swift */; };
		FAAE6DE729A3E0D3009381E3 /* HeroHeaderUIView.swift in Sources */ = {isa = PBXBuildFile; fileRef = FAAE6DE629A3E0D3009381E3 /* HeroHeaderUIView.swift */; };
		FAAE6DE929A3F0A4009381E3 /* APICaller.swift in Sources */ = {isa = PBXBuildFile; fileRef = FAAE6DE829A3F0A4009381E3 /* APICaller.swift */; };
		FAAE6DEB29A3F534009381E3 /* Title.swift in Sources */ = {isa = PBXBuildFile; fileRef = FAAE6DEA29A3F534009381E3 /* Title.swift */; };
		FAAE6DED29A3FB1C009381E3 /* Extensions.swift in Sources */ = {isa = PBXBuildFile; fileRef = FAAE6DEC29A3FB1C009381E3 /* Extensions.swift */; };
		FAD1D73729A65C2B00ADE29B /* SearchResultsViewController.swift in Sources */ = {isa = PBXBuildFile; fileRef = FAD1D73629A65C2B00ADE29B /* SearchResultsViewController.swift */; };
		FAD1D73B29A66A2100ADE29B /* YouTubeSearchResponse.swift in Sources */ = {isa = PBXBuildFile; fileRef = FAD1D73A29A66A2100ADE29B /* YouTubeSearchResponse.swift */; };
		FAF6143429A3611F001038AA /* CollectionViewTableViewCell.swift in Sources */ = {isa = PBXBuildFile; fileRef = FAF6143329A3611F001038AA /* CollectionViewTableViewCell.swift */; };
/* End PBXBuildFile section */

/* Begin PBXFileReference section */
		FA0E1EB029A505F500E0AE1A /* TitleCollectionViewCell.swift */ = {isa = PBXFileReference; lastKnownFileType = sourcecode.swift; path = TitleCollectionViewCell.swift; sourceTree = "<group>"; };
		FA0E1EB729A5134100E0AE1A /* TitleTableViewCell.swift */ = {isa = PBXFileReference; lastKnownFileType = sourcecode.swift; path = TitleTableViewCell.swift; sourceTree = "<group>"; };
		FA0E1EB929A516A200E0AE1A /* TitleViewModel.swift */ = {isa = PBXFileReference; lastKnownFileType = sourcecode.swift; path = TitleViewModel.swift; sourceTree = "<group>"; };
		FA32F53729A275A000640566 /* Netfliy Clone.app */ = {isa = PBXFileReference; explicitFileType = wrapper.application; includeInIndex = 0; path = "Netfliy Clone.app"; sourceTree = BUILT_PRODUCTS_DIR; };
		FA32F53A29A275A000640566 /* AppDelegate.swift */ = {isa = PBXFileReference; lastKnownFileType = sourcecode.swift; path = AppDelegate.swift; sourceTree = "<group>"; };
		FA32F53C29A275A000640566 /* SceneDelegate.swift */ = {isa = PBXFileReference; lastKnownFileType = sourcecode.swift; path = SceneDelegate.swift; sourceTree = "<group>"; };
		FA32F53E29A275A000640566 /* MainTabBarViewController.swift */ = {isa = PBXFileReference; lastKnownFileType = sourcecode.swift; path = MainTabBarViewController.swift; sourceTree = "<group>"; };
		FA32F54329A275A300640566 /* Assets.xcassets */ = {isa = PBXFileReference; lastKnownFileType = folder.assetcatalog; path = Assets.xcassets; sourceTree = "<group>"; };
		FA32F54629A275A300640566 /* Base */ = {isa = PBXFileReference; lastKnownFileType = file.storyboard; name = Base; path = Base.lproj/LaunchScreen.storyboard; sourceTree = "<group>"; };
		FA32F54829A275A300640566 /* Info.plist */ = {isa = PBXFileReference; lastKnownFileType = text.plist.xml; path = Info.plist; sourceTree = "<group>"; };
		FA32F54E29A2773600640566 /* README.md */ = {isa = PBXFileReference; lastKnownFileType = net.daringfireball.markdown; path = README.md; sourceTree = "<group>"; };
		FA32F55129A27A4600640566 /* HomeViewController.swift */ = {isa = PBXFileReference; lastKnownFileType = sourcecode.swift; path = HomeViewController.swift; sourceTree = "<group>"; };
		FA32F55329A27A7A00640566 /* UpcomingViewController.swift */ = {isa = PBXFileReference; lastKnownFileType = sourcecode.swift; path = UpcomingViewController.swift; sourceTree = "<group>"; };
		FA32F55529A27A9C00640566 /* SearchViewController.swift */ = {isa = PBXFileReference; lastKnownFileType = sourcecode.swift; path = SearchViewController.swift; sourceTree = "<group>"; };
		FA32F55729A27AC200640566 /* DownloadViewController.swift */ = {isa = PBXFileReference; lastKnownFileType = sourcecode.swift; path = DownloadViewController.swift; sourceTree = "<group>"; };
		FAAE6DE629A3E0D3009381E3 /* HeroHeaderUIView.swift */ = {isa = PBXFileReference; lastKnownFileType = sourcecode.swift; path = HeroHeaderUIView.swift; sourceTree = "<group>"; };
		FAAE6DE829A3F0A4009381E3 /* APICaller.swift */ = {isa = PBXFileReference; lastKnownFileType = sourcecode.swift; path = APICaller.swift; sourceTree = "<group>"; };
		FAAE6DEA29A3F534009381E3 /* Title.swift */ = {isa = PBXFileReference; lastKnownFileType = sourcecode.swift; path = Title.swift; sourceTree = "<group>"; };
		FAAE6DEC29A3FB1C009381E3 /* Extensions.swift */ = {isa = PBXFileReference; lastKnownFileType = sourcecode.swift; path = Extensions.swift; sourceTree = "<group>"; };
		FAD1D73629A65C2B00ADE29B /* SearchResultsViewController.swift */ = {isa = PBXFileReference; lastKnownFileType = sourcecode.swift; path = SearchResultsViewController.swift; sourceTree = "<group>"; };
		FAD1D73A29A66A2100ADE29B /* YouTubeSearchResponse.swift */ = {isa = PBXFileReference; lastKnownFileType = sourcecode.swift; path = YouTubeSearchResponse.swift; sourceTree = "<group>"; };
		FAF6143329A3611F001038AA /* CollectionViewTableViewCell.swift */ = {isa = PBXFileReference; lastKnownFileType = sourcecode.swift; path = CollectionViewTableViewCell.swift; sourceTree = "<group>"; };
/* End PBXFileReference section */

/* Begin PBXFrameworksBuildPhase section */
		FA32F53429A275A000640566 /* Frameworks */ = {
			isa = PBXFrameworksBuildPhase;
			buildActionMask = 2147483647;
			files = (
				FA0E1EB629A5088B00E0AE1A /* SDWebImageMapKit in Frameworks */,
				FA0E1EB429A5088B00E0AE1A /* SDWebImage in Frameworks */,
			);
			runOnlyForDeploymentPostprocessing = 0;
		};
/* End PBXFrameworksBuildPhase section */

/* Begin PBXGroup section */
		FA32F52E29A275A000640566 = {
			isa = PBXGroup;
			children = (
				FA32F54E29A2773600640566 /* README.md */,
				FA32F53929A275A000640566 /* Netfliy Clone */,
				FA32F53829A275A000640566 /* Products */,
			);
			sourceTree = "<group>";
		};
		FA32F53829A275A000640566 /* Products */ = {
			isa = PBXGroup;
			children = (
				FA32F53729A275A000640566 /* Netfliy Clone.app */,
			);
			name = Products;
			sourceTree = "<group>";
		};
		FA32F53929A275A000640566 /* Netfliy Clone */ = {
			isa = PBXGroup;
			children = (
				FAF6143229A360C8001038AA /* Managers */,
				FAF6143129A360B7001038AA /* Resources */,
				FAF6143029A36099001038AA /* Models */,
				FAF6142E29A36075001038AA /* Views */,
				FAF6142F29A36080001038AA /* ViewModels */,
				FA32F55029A27A2000640566 /* Controllers */,
				FA32F53A29A275A000640566 /* AppDelegate.swift */,
				FA32F53C29A275A000640566 /* SceneDelegate.swift */,
				FA32F53E29A275A000640566 /* MainTabBarViewController.swift */,
				FA32F54329A275A300640566 /* Assets.xcassets */,
				FA32F54529A275A300640566 /* LaunchScreen.storyboard */,
				FA32F54829A275A300640566 /* Info.plist */,
			);
			path = "Netfliy Clone";
			sourceTree = "<group>";
		};
		FA32F55029A27A2000640566 /* Controllers */ = {
			isa = PBXGroup;
			children = (
				FAD1D73929A65C6E00ADE29B /* General */,
				FAD1D73329A65BD300ADE29B /* Core */,
			);
			path = Controllers;
			sourceTree = "<group>";
		};
		FAD1D73329A65BD300ADE29B /* Core */ = {
			isa = PBXGroup;
			children = (
				FA32F55129A27A4600640566 /* HomeViewController.swift */,
				FA32F55329A27A7A00640566 /* UpcomingViewController.swift */,
				FA32F55529A27A9C00640566 /* SearchViewController.swift */,
				FA32F55729A27AC200640566 /* DownloadViewController.swift */,
			);
			path = Core;
			sourceTree = "<group>";
		};
		FAD1D73929A65C6E00ADE29B /* General */ = {
			isa = PBXGroup;
			children = (
				FAD1D73629A65C2B00ADE29B /* SearchResultsViewController.swift */,
			);
			path = General;
			sourceTree = "<group>";
		};
		FAF6142E29A36075001038AA /* Views */ = {
			isa = PBXGroup;
			children = (
				FAF6143329A3611F001038AA /* CollectionViewTableViewCell.swift */,
				FAAE6DE629A3E0D3009381E3 /* HeroHeaderUIView.swift */,
				FA0E1EB029A505F500E0AE1A /* TitleCollectionViewCell.swift */,
				FA0E1EB729A5134100E0AE1A /* TitleTableViewCell.swift */,
			);
			path = Views;
			sourceTree = "<group>";
		};
		FAF6142F29A36080001038AA /* ViewModels */ = {
			isa = PBXGroup;
			children = (
				FA0E1EB929A516A200E0AE1A /* TitleViewModel.swift */,
			);
			path = ViewModels;
			sourceTree = "<group>";
		};
		FAF6143029A36099001038AA /* Models */ = {
			isa = PBXGroup;
			children = (
				FAAE6DEA29A3F534009381E3 /* Title.swift */,
				FAD1D73A29A66A2100ADE29B /* YouTubeSearchResponse.swift */,
			);
			path = Models;
			sourceTree = "<group>";
		};
		FAF6143129A360B7001038AA /* Resources */ = {
			isa = PBXGroup;
			children = (
				FAAE6DEC29A3FB1C009381E3 /* Extensions.swift */,
			);
			path = Resources;
			sourceTree = "<group>";
		};
		FAF6143229A360C8001038AA /* Managers */ = {
			isa = PBXGroup;
			children = (
				FAAE6DE829A3F0A4009381E3 /* APICaller.swift */,
			);
			path = Managers;
			sourceTree = "<group>";
		};
/* End PBXGroup section */

/* Begin PBXNativeTarget section */
		FA32F53629A275A000640566 /* Netfliy Clone */ = {
			isa = PBXNativeTarget;
			buildConfigurationList = FA32F54B29A275A300640566 /* Build configuration list for PBXNativeTarget "Netfliy Clone" */;
			buildPhases = (
				FA32F53329A275A000640566 /* Sources */,
				FA32F53429A275A000640566 /* Frameworks */,
				FA32F53529A275A000640566 /* Resources */,
			);
			buildRules = (
			);
			dependencies = (
			);
			name = "Netfliy Clone";
			packageProductDependencies = (
				FA0E1EB329A5088B00E0AE1A /* SDWebImage */,
				FA0E1EB529A5088B00E0AE1A /* SDWebImageMapKit */,
			);
			productName = "Netfliy Clone";
			productReference = FA32F53729A275A000640566 /* Netfliy Clone.app */;
			productType = "com.apple.product-type.application";
		};
/* End PBXNativeTarget section */

/* Begin PBXProject section */
		FA32F52F29A275A000640566 /* Project object */ = {
			isa = PBXProject;
			attributes = {
				BuildIndependentTargetsInParallel = 1;
				LastSwiftUpdateCheck = 1320;
				LastUpgradeCheck = 1320;
				TargetAttributes = {
					FA32F53629A275A000640566 = {
						CreatedOnToolsVersion = 13.2.1;
					};
				};
			};
			buildConfigurationList = FA32F53229A275A000640566 /* Build configuration list for PBXProject "Netfliy Clone" */;
			compatibilityVersion = "Xcode 13.0";
			developmentRegion = en;
			hasScannedForEncodings = 0;
			knownRegions = (
				en,
				Base,
			);
			mainGroup = FA32F52E29A275A000640566;
			packageReferences = (
				FA0E1EB229A5088B00E0AE1A /* XCRemoteSwiftPackageReference "SDWebImage" */,
			);
			productRefGroup = FA32F53829A275A000640566 /* Products */;
			projectDirPath = "";
			projectRoot = "";
			targets = (
				FA32F53629A275A000640566 /* Netfliy Clone */,
			);
		};
/* End PBXProject section */

/* Begin PBXResourcesBuildPhase section */
		FA32F53529A275A000640566 /* Resources */ = {
			isa = PBXResourcesBuildPhase;
			buildActionMask = 2147483647;
			files = (
				FA32F54729A275A300640566 /* LaunchScreen.storyboard in Resources */,
				FA32F54429A275A300640566 /* Assets.xcassets in Resources */,
				FA32F54F29A2773600640566 /* README.md in Resources */,
			);
			runOnlyForDeploymentPostprocessing = 0;
		};
/* End PBXResourcesBuildPhase section */

/* Begin PBXSourcesBuildPhase section */
		FA32F53329A275A000640566 /* Sources */ = {
			isa = PBXSourcesBuildPhase;
			buildActionMask = 2147483647;
			files = (
				FA0E1EB829A5134100E0AE1A /* TitleTableViewCell.swift in Sources */,
				FA32F55629A27A9C00640566 /* SearchViewController.swift in Sources */,
				FA0E1EB129A505F500E0AE1A /* TitleCollectionViewCell.swift in Sources */,
				FA32F53F29A275A000640566 /* MainTabBarViewController.swift in Sources */,
				FAF6143429A3611F001038AA /* CollectionViewTableViewCell.swift in Sources */,
				FAAE6DE929A3F0A4009381E3 /* APICaller.swift in Sources */,
				FAAE6DE729A3E0D3009381E3 /* HeroHeaderUIView.swift in Sources */,
				FA32F53B29A275A000640566 /* AppDelegate.swift in Sources */,
				FA32F55829A27AC200640566 /* DownloadViewController.swift in Sources */,
				FAD1D73729A65C2B00ADE29B /* SearchResultsViewController.swift in Sources */,
				FAAE6DED29A3FB1C009381E3 /* Extensions.swift in Sources */,
				FAD1D73B29A66A2100ADE29B /* YouTubeSearchResponse.swift in Sources */,
				FA32F53D29A275A000640566 /* SceneDelegate.swift in Sources */,
				FA32F55429A27A7A00640566 /* UpcomingViewController.swift in Sources */,
				FAAE6DEB29A3F534009381E3 /* Title.swift in Sources */,
				FA32F55229A27A4600640566 /* HomeViewController.swift in Sources */,
				FA0E1EBA29A516A200E0AE1A /* TitleViewModel.swift in Sources */,
			);
			runOnlyForDeploymentPostprocessing = 0;
		};
/* End PBXSourcesBuildPhase section */

/* Begin PBXVariantGroup section */
		FA32F54529A275A300640566 /* LaunchScreen.storyboard */ = {
			isa = PBXVariantGroup;
			children = (
				FA32F54629A275A300640566 /* Base */,
			);
			name = LaunchScreen.storyboard;
			sourceTree = "<group>";
		};
/* End PBXVariantGroup section */

/* Begin XCBuildConfiguration section */
		FA32F54929A275A300640566 /* Debug */ = {
			isa = XCBuildConfiguration;
			buildSettings = {
				ALWAYS_SEARCH_USER_PATHS = NO;
				CLANG_ANALYZER_NONNULL = YES;
				CLANG_ANALYZER_NUMBER_OBJECT_CONVERSION = YES_AGGRESSIVE;
				CLANG_CXX_LANGUAGE_STANDARD = "gnu++17";
				CLANG_CXX_LIBRARY = "libc++";
				CLANG_ENABLE_MODULES = YES;
				CLANG_ENABLE_OBJC_ARC = YES;
				CLANG_ENABLE_OBJC_WEAK = YES;
				CLANG_WARN_BLOCK_CAPTURE_AUTORELEASING = YES;
				CLANG_WARN_BOOL_CONVERSION = YES;
				CLANG_WARN_COMMA = YES;
				CLANG_WARN_CONSTANT_CONVERSION = YES;
				CLANG_WARN_DEPRECATED_OBJC_IMPLEMENTATIONS = YES;
				CLANG_WARN_DIRECT_OBJC_ISA_USAGE = YES_ERROR;
				CLANG_WARN_DOCUMENTATION_COMMENTS = YES;
				CLANG_WARN_EMPTY_BODY = YES;
				CLANG_WARN_ENUM_CONVERSION = YES;
				CLANG_WARN_INFINITE_RECURSION = YES;
				CLANG_WARN_INT_CONVERSION = YES;
				CLANG_WARN_NON_LITERAL_NULL_CONVERSION = YES;
				CLANG_WARN_OBJC_IMPLICIT_RETAIN_SELF = YES;
				CLANG_WARN_OBJC_LITERAL_CONVERSION = YES;
				CLANG_WARN_OBJC_ROOT_CLASS = YES_ERROR;
				CLANG_WARN_QUOTED_INCLUDE_IN_FRAMEWORK_HEADER = YES;
				CLANG_WARN_RANGE_LOOP_ANALYSIS = YES;
				CLANG_WARN_STRICT_PROTOTYPES = YES;
				CLANG_WARN_SUSPICIOUS_MOVE = YES;
				CLANG_WARN_UNGUARDED_AVAILABILITY = YES_AGGRESSIVE;
				CLANG_WARN_UNREACHABLE_CODE = YES;
				CLANG_WARN__DUPLICATE_METHOD_MATCH = YES;
				COPY_PHASE_STRIP = NO;
				DEBUG_INFORMATION_FORMAT = dwarf;
				ENABLE_STRICT_OBJC_MSGSEND = YES;
				ENABLE_TESTABILITY = YES;
				GCC_C_LANGUAGE_STANDARD = gnu11;
				GCC_DYNAMIC_NO_PIC = NO;
				GCC_NO_COMMON_BLOCKS = YES;
				GCC_OPTIMIZATION_LEVEL = 0;
				GCC_PREPROCESSOR_DEFINITIONS = (
					"DEBUG=1",
					"$(inherited)",
				);
				GCC_WARN_64_TO_32_BIT_CONVERSION = YES;
				GCC_WARN_ABOUT_RETURN_TYPE = YES_ERROR;
				GCC_WARN_UNDECLARED_SELECTOR = YES;
				GCC_WARN_UNINITIALIZED_AUTOS = YES_AGGRESSIVE;
				GCC_WARN_UNUSED_FUNCTION = YES;
				GCC_WARN_UNUSED_VARIABLE = YES;
				IPHONEOS_DEPLOYMENT_TARGET = 15.2;
				MTL_ENABLE_DEBUG_INFO = INCLUDE_SOURCE;
				MTL_FAST_MATH = YES;
				ONLY_ACTIVE_ARCH = YES;
				SDKROOT = iphoneos;
				SWIFT_ACTIVE_COMPILATION_CONDITIONS = DEBUG;
				SWIFT_OPTIMIZATION_LEVEL = "-Onone";
			};
			name = Debug;
		};
		FA32F54A29A275A300640566 /* Release */ = {
			isa = XCBuildConfiguration;
			buildSettings = {
				ALWAYS_SEARCH_USER_PATHS = NO;
				CLANG_ANALYZER_NONNULL = YES;
				CLANG_ANALYZER_NUMBER_OBJECT_CONVERSION = YES_AGGRESSIVE;
				CLANG_CXX_LANGUAGE_STANDARD = "gnu++17";
				CLANG_CXX_LIBRARY = "libc++";
				CLANG_ENABLE_MODULES = YES;
				CLANG_ENABLE_OBJC_ARC = YES;
				CLANG_ENABLE_OBJC_WEAK = YES;
				CLANG_WARN_BLOCK_CAPTURE_AUTORELEASING = YES;
				CLANG_WARN_BOOL_CONVERSION = YES;
				CLANG_WARN_COMMA = YES;
				CLANG_WARN_CONSTANT_CONVERSION = YES;
				CLANG_WARN_DEPRECATED_OBJC_IMPLEMENTATIONS = YES;
				CLANG_WARN_DIRECT_OBJC_ISA_USAGE = YES_ERROR;
				CLANG_WARN_DOCUMENTATION_COMMENTS = YES;
				CLANG_WARN_EMPTY_BODY = YES;
				CLANG_WARN_ENUM_CONVERSION = YES;
				CLANG_WARN_INFINITE_RECURSION = YES;
				CLANG_WARN_INT_CONVERSION = YES;
				CLANG_WARN_NON_LITERAL_NULL_CONVERSION = YES;
				CLANG_WARN_OBJC_IMPLICIT_RETAIN_SELF = YES;
				CLANG_WARN_OBJC_LITERAL_CONVERSION = YES;
				CLANG_WARN_OBJC_ROOT_CLASS = YES_ERROR;
				CLANG_WARN_QUOTED_INCLUDE_IN_FRAMEWORK_HEADER = YES;
				CLANG_WARN_RANGE_LOOP_ANALYSIS = YES;
				CLANG_WARN_STRICT_PROTOTYPES = YES;
				CLANG_WARN_SUSPICIOUS_MOVE = YES;
				CLANG_WARN_UNGUARDED_AVAILABILITY = YES_AGGRESSIVE;
				CLANG_WARN_UNREACHABLE_CODE = YES;
				CLANG_WARN__DUPLICATE_METHOD_MATCH = YES;
				COPY_PHASE_STRIP = NO;
				DEBUG_INFORMATION_FORMAT = "dwarf-with-dsym";
				ENABLE_NS_ASSERTIONS = NO;
				ENABLE_STRICT_OBJC_MSGSEND = YES;
				GCC_C_LANGUAGE_STANDARD = gnu11;
				GCC_NO_COMMON_BLOCKS = YES;
				GCC_WARN_64_TO_32_BIT_CONVERSION = YES;
				GCC_WARN_ABOUT_RETURN_TYPE = YES_ERROR;
				GCC_WARN_UNDECLARED_SELECTOR = YES;
				GCC_WARN_UNINITIALIZED_AUTOS = YES_AGGRESSIVE;
				GCC_WARN_UNUSED_FUNCTION = YES;
				GCC_WARN_UNUSED_VARIABLE = YES;
				IPHONEOS_DEPLOYMENT_TARGET = 15.2;
				MTL_ENABLE_DEBUG_INFO = NO;
				MTL_FAST_MATH = YES;
				SDKROOT = iphoneos;
				SWIFT_COMPILATION_MODE = wholemodule;
				SWIFT_OPTIMIZATION_LEVEL = "-O";
				VALIDATE_PRODUCT = YES;
			};
			name = Release;
		};
		FA32F54C29A275A300640566 /* Debug */ = {
			isa = XCBuildConfiguration;
			buildSettings = {
				ASSETCATALOG_COMPILER_APPICON_NAME = AppIcon;
				ASSETCATALOG_COMPILER_GLOBAL_ACCENT_COLOR_NAME = AccentColor;
				CODE_SIGN_STYLE = Automatic;
				CURRENT_PROJECT_VERSION = 1;
				DEVELOPMENT_TEAM = K6BJ9JXQPF;
				GENERATE_INFOPLIST_FILE = YES;
				INFOPLIST_FILE = "Netfliy Clone/Info.plist";
				INFOPLIST_KEY_CFBundleDisplayName = Netfliy;
				INFOPLIST_KEY_UIApplicationSupportsIndirectInputEvents = YES;
				INFOPLIST_KEY_UILaunchStoryboardName = LaunchScreen;
				INFOPLIST_KEY_UISupportedInterfaceOrientations_iPad = "UIInterfaceOrientationPortrait UIInterfaceOrientationPortraitUpsideDown UIInterfaceOrientationLandscapeLeft UIInterfaceOrientationLandscapeRight";
				INFOPLIST_KEY_UISupportedInterfaceOrientations_iPhone = "UIInterfaceOrientationPortrait UIInterfaceOrientationLandscapeLeft UIInterfaceOrientationLandscapeRight";
				IPHONEOS_DEPLOYMENT_TARGET = 15.0;
				LD_RUNPATH_SEARCH_PATHS = (
					"$(inherited)",
					"@executable_path/Frameworks",
				);
				MARKETING_VERSION = 1.0;
				PRODUCT_BUNDLE_IDENTIFIER = "com.systemsApp.Netfliy-Clone";
				PRODUCT_NAME = "$(TARGET_NAME)";
				SWIFT_EMIT_LOC_STRINGS = YES;
				SWIFT_VERSION = 5.0;
				TARGETED_DEVICE_FAMILY = "1,2";
			};
			name = Debug;
		};
		FA32F54D29A275A300640566 /* Release */ = {
			isa = XCBuildConfiguration;
			buildSettings = {
				ASSETCATALOG_COMPILER_APPICON_NAME = AppIcon;
				ASSETCATALOG_COMPILER_GLOBAL_ACCENT_COLOR_NAME = AccentColor;
				CODE_SIGN_STYLE = Automatic;
				CURRENT_PROJECT_VERSION = 1;
				DEVELOPMENT_TEAM = K6BJ9JXQPF;
				GENERATE_INFOPLIST_FILE = YES;
				INFOPLIST_FILE = "Netfliy Clone/Info.plist";
				INFOPLIST_KEY_CFBundleDisplayName = Netfliy;
				INFOPLIST_KEY_UIApplicationSupportsIndirectInputEvents = YES;
				INFOPLIST_KEY_UILaunchStoryboardName = LaunchScreen;
				INFOPLIST_KEY_UISupportedInterfaceOrientations_iPad = "UIInterfaceOrientationPortrait UIInterfaceOrientationPortraitUpsideDown UIInterfaceOrientationLandscapeLeft UIInterfaceOrientationLandscapeRight";
				INFOPLIST_KEY_UISupportedInterfaceOrientations_iPhone = "UIInterfaceOrientationPortrait UIInterfaceOrientationLandscapeLeft UIInterfaceOrientationLandscapeRight";
				IPHONEOS_DEPLOYMENT_TARGET = 15.0;
				LD_RUNPATH_SEARCH_PATHS = (
					"$(inherited)",
					"@executable_path/Frameworks",
				);
				MARKETING_VERSION = 1.0;
				PRODUCT_BUNDLE_IDENTIFIER = "com.systemsApp.Netfliy-Clone";
				PRODUCT_NAME = "$(TARGET_NAME)";
				SWIFT_EMIT_LOC_STRINGS = YES;
				SWIFT_VERSION = 5.0;
				TARGETED_DEVICE_FAMILY = "1,2";
			};
			name = Release;
		};
/* End XCBuildConfiguration section */

/* Begin XCConfigurationList section */
		FA32F53229A275A000640566 /* Build configuration list for PBXProject "Netfliy Clone" */ = {
			isa = XCConfigurationList;
			buildConfigurations = (
				FA32F54929A275A300640566 /* Debug */,
				FA32F54A29A275A300640566 /* Release */,
			);
			defaultConfigurationIsVisible = 0;
			defaultConfigurationName = Release;
		};
		FA32F54B29A275A300640566 /* Build configuration list for PBXNativeTarget "Netfliy Clone" */ = {
			isa = XCConfigurationList;
			buildConfigurations = (
				FA32F54C29A275A300640566 /* Debug */,
				FA32F54D29A275A300640566 /* Release */,
			);
			defaultConfigurationIsVisible = 0;
			defaultConfigurationName = Release;
		};
/* End XCConfigurationList section */

/* Begin XCRemoteSwiftPackageReference section */
		FA0E1EB229A5088B00E0AE1A /* XCRemoteSwiftPackageReference "SDWebImage" */ = {
			isa = XCRemoteSwiftPackageReference;
			repositoryURL = "https://github.com/SDWebImage/SDWebImage.git";
			requirement = {
				branch = master;
				kind = branch;
			};
		};
/* End XCRemoteSwiftPackageReference section */

/* Begin XCSwiftPackageProductDependency section */
		FA0E1EB329A5088B00E0AE1A /* SDWebImage */ = {
			isa = XCSwiftPackageProductDependency;
			package = FA0E1EB229A5088B00E0AE1A /* XCRemoteSwiftPackageReference "SDWebImage" */;
			productName = SDWebImage;
		};
		FA0E1EB529A5088B00E0AE1A /* SDWebImageMapKit */ = {
			isa = XCSwiftPackageProductDependency;
			package = FA0E1EB229A5088B00E0AE1A /* XCRemoteSwiftPackageReference "SDWebImage" */;
			productName = SDWebImageMapKit;
		};
/* End XCSwiftPackageProductDependency section */
	};
	rootObject = FA32F52F29A275A000640566 /* Project object */;
}
